
Microsoft Visual Studio Solution File, Format Version 12.00
# Visual Studio Version 17
VisualStudioVersion = 17.10.35004.147
MinimumVisualStudioVersion = 10.0.40219.1
Project("{9A19103F-16F7-4668-BE54-9A1E7A4F7556}") = "OnlineSurveyTool.Server", "OnlineSurveyTool.Server\OnlineSurveyTool.Server.csproj", "{CB250A02-BE5F-4014-AAFF-E6E6A1FD6EDD}"
EndProject
Project("{54A90642-561A-4BB1-A94E-469ADEE60C69}") = "onlinesurveytool.client", "onlinesurveytool.client\onlinesurveytool.client.esproj", "{6BD80295-D689-4902-998C-C818C87F469C}"
EndProject
Project("{9A19103F-16F7-4668-BE54-9A1E7A4F7556}") = "OnlineSurveyTool.Server.DAL.Models", "OnlineSurveyTool.Server.DAL.Models\OnlineSurveyTool.Server.DAL.Models.csproj", "{FD91E99D-54D8-4514-A9F8-1EFEA1B25A70}"
EndProject
Project("{9A19103F-16F7-4668-BE54-9A1E7A4F7556}") = "OnlineSurveyTool.Server.DAL", "OnlineSurveyTool.Server.DAL\OnlineSurveyTool.Server.DAL.csproj", "{D3FA5089-B38E-48DE-8DBF-28444D1295EB}"
EndProject
Project("{FAE04EC0-301F-11D3-BF4B-00C04F79EFBC}") = "OnlineSurveyTool.Server.Services", "OnlineSurveyTool.Server.Services\OnlineSurveyTool.Server.Services.csproj", "{9951562C-E406-4F70-913B-9AA97A791416}"
EndProject
Project("{FAE04EC0-301F-11D3-BF4B-00C04F79EFBC}") = "OnlineSurveyTool.Server.Services.Test", "OnlineSurveyTool.Server.Services.Test\OnlineSurveyTool.Server.Services.Test.csproj", "{7B278616-7C81-4986-8ABB-587E67C07E41}"
EndProject
Project("{FAE04EC0-301F-11D3-BF4B-00C04F79EFBC}") = "OnlineSurveyTool.Server.Tests", "OnlineSurveyTool.Server.Tests\OnlineSurveyTool.Server.Tests.csproj", "{FE93B7A2-ABD0-4AC1-9BCB-5CBB8CD9EBA2}"
EndProject
Global
	GlobalSection(SolutionConfigurationPlatforms) = preSolution
		Debug|Any CPU = Debug|Any CPU
		Release|Any CPU = Release|Any CPU
	EndGlobalSection
	GlobalSection(ProjectConfigurationPlatforms) = postSolution
		{CB250A02-BE5F-4014-AAFF-E6E6A1FD6EDD}.Debug|Any CPU.ActiveCfg = Debug|Any CPU
		{CB250A02-BE5F-4014-AAFF-E6E6A1FD6EDD}.Debug|Any CPU.Build.0 = Debug|Any CPU
		{CB250A02-BE5F-4014-AAFF-E6E6A1FD6EDD}.Release|Any CPU.ActiveCfg = Release|Any CPU
		{CB250A02-BE5F-4014-AAFF-E6E6A1FD6EDD}.Release|Any CPU.Build.0 = Release|Any CPU
		{6BD80295-D689-4902-998C-C818C87F469C}.Debug|Any CPU.ActiveCfg = Debug|Any CPU
		{6BD80295-D689-4902-998C-C818C87F469C}.Debug|Any CPU.Build.0 = Debug|Any CPU
		{6BD80295-D689-4902-998C-C818C87F469C}.Debug|Any CPU.Deploy.0 = Debug|Any CPU
		{6BD80295-D689-4902-998C-C818C87F469C}.Release|Any CPU.ActiveCfg = Release|Any CPU
		{6BD80295-D689-4902-998C-C818C87F469C}.Release|Any CPU.Build.0 = Release|Any CPU
		{6BD80295-D689-4902-998C-C818C87F469C}.Release|Any CPU.Deploy.0 = Release|Any CPU
		{FD91E99D-54D8-4514-A9F8-1EFEA1B25A70}.Debug|Any CPU.ActiveCfg = Debug|Any CPU
		{FD91E99D-54D8-4514-A9F8-1EFEA1B25A70}.Debug|Any CPU.Build.0 = Debug|Any CPU
		{FD91E99D-54D8-4514-A9F8-1EFEA1B25A70}.Release|Any CPU.ActiveCfg = Release|Any CPU
		{FD91E99D-54D8-4514-A9F8-1EFEA1B25A70}.Release|Any CPU.Build.0 = Release|Any CPU
		{D3FA5089-B38E-48DE-8DBF-28444D1295EB}.Debug|Any CPU.ActiveCfg = Debug|Any CPU
		{D3FA5089-B38E-48DE-8DBF-28444D1295EB}.Debug|Any CPU.Build.0 = Debug|Any CPU
		{D3FA5089-B38E-48DE-8DBF-28444D1295EB}.Release|Any CPU.ActiveCfg = Release|Any CPU
		{D3FA5089-B38E-48DE-8DBF-28444D1295EB}.Release|Any CPU.Build.0 = Release|Any CPU
		{9951562C-E406-4F70-913B-9AA97A791416}.Debug|Any CPU.ActiveCfg = Debug|Any CPU
		{9951562C-E406-4F70-913B-9AA97A791416}.Debug|Any CPU.Build.0 = Debug|Any CPU
		{9951562C-E406-4F70-913B-9AA97A791416}.Release|Any CPU.ActiveCfg = Release|Any CPU
		{9951562C-E406-4F70-913B-9AA97A791416}.Release|Any CPU.Build.0 = Release|Any CPU
		{7B278616-7C81-4986-8ABB-587E67C07E41}.Debug|Any CPU.ActiveCfg = Debug|Any CPU
		{7B278616-7C81-4986-8ABB-587E67C07E41}.Debug|Any CPU.Build.0 = Debug|Any CPU
		{7B278616-7C81-4986-8ABB-587E67C07E41}.Release|Any CPU.ActiveCfg = Release|Any CPU
		{7B278616-7C81-4986-8ABB-587E67C07E41}.Release|Any CPU.Build.0 = Release|Any CPU
		{FE93B7A2-ABD0-4AC1-9BCB-5CBB8CD9EBA2}.Debug|Any CPU.ActiveCfg = Debug|Any CPU
		{FE93B7A2-ABD0-4AC1-9BCB-5CBB8CD9EBA2}.Debug|Any CPU.Build.0 = Debug|Any CPU
		{FE93B7A2-ABD0-4AC1-9BCB-5CBB8CD9EBA2}.Release|Any CPU.ActiveCfg = Release|Any CPU
		{FE93B7A2-ABD0-4AC1-9BCB-5CBB8CD9EBA2}.Release|Any CPU.Build.0 = Release|Any CPU
	EndGlobalSection
	GlobalSection(SolutionProperties) = preSolution
		HideSolutionNode = FALSE
	EndGlobalSection
	GlobalSection(ExtensibilityGlobals) = postSolution
		SolutionGuid = {1FDC879D-39E8-4592-A367-CC5B721003A8}
	EndGlobalSection
EndGlobal
